
Microsoft Visual Studio Solution File, Format Version 12.00
# Visual Studio Version 17
VisualStudioVersion = 17.0.31903.59
MinimumVisualStudioVersion = 10.0.40219.1
Project("{FAE04EC0-301F-11D3-BF4B-00C04F79EFBC}") = "API", "API\API.csproj", "{4AA787F3-BB98-4240-9386-15FD77181EC1}"
EndProject
Project("{54A90642-561A-4BB1-A94E-469ADEE60C69}") = "UI_React", "UI_React\UI_React.esproj", "{1BE0C5B1-2611-468F-B6D8-07F96A74049F}"
EndProject
Project("{54A90642-561A-4BB1-A94E-469ADEE60C69}") = "UI_Angular", "UI_Angular\UI_Angular.esproj", "{7FEB4114-43DE-4553-997A-96C8CC7EF09F}"
EndProject
Project("{FAE04EC0-301F-11D3-BF4B-00C04F79EFBC}") = "UI_Blazor_WebApp", "UI_Blazor_WebApp\UI_Blazor_WebApp\UI_Blazor_WebApp.csproj", "{438D188C-9351-4D79-B2C7-839521B22069}"
EndProject
Project("{FAE04EC0-301F-11D3-BF4B-00C04F79EFBC}") = "UI_Blazor_WebApp.Client", "UI_Blazor_WebApp\UI_Blazor_WebApp.Client\UI_Blazor_WebApp.Client.csproj", "{BF19DCE7-1FBA-4181-9C11-0C76AD96EEB7}"
EndProject
Global
	GlobalSection(SolutionConfigurationPlatforms) = preSolution
		Debug|Any CPU = Debug|Any CPU
		Release|Any CPU = Release|Any CPU
	EndGlobalSection
	GlobalSection(ProjectConfigurationPlatforms) = postSolution
		{4AA787F3-BB98-4240-9386-15FD77181EC1}.Debug|Any CPU.ActiveCfg = Debug|Any CPU
		{4AA787F3-BB98-4240-9386-15FD77181EC1}.Debug|Any CPU.Build.0 = Debug|Any CPU
		{4AA787F3-BB98-4240-9386-15FD77181EC1}.Release|Any CPU.ActiveCfg = Release|Any CPU
		{4AA787F3-BB98-4240-9386-15FD77181EC1}.Release|Any CPU.Build.0 = Release|Any CPU
		{1BE0C5B1-2611-468F-B6D8-07F96A74049F}.Debug|Any CPU.ActiveCfg = Debug|Any CPU
		{1BE0C5B1-2611-468F-B6D8-07F96A74049F}.Debug|Any CPU.Build.0 = Debug|Any CPU
		{1BE0C5B1-2611-468F-B6D8-07F96A74049F}.Debug|Any CPU.Deploy.0 = Debug|Any CPU
		{1BE0C5B1-2611-468F-B6D8-07F96A74049F}.Release|Any CPU.ActiveCfg = Release|Any CPU
		{1BE0C5B1-2611-468F-B6D8-07F96A74049F}.Release|Any CPU.Build.0 = Release|Any CPU
		{1BE0C5B1-2611-468F-B6D8-07F96A74049F}.Release|Any CPU.Deploy.0 = Release|Any CPU
		{7FEB4114-43DE-4553-997A-96C8CC7EF09F}.Debug|Any CPU.ActiveCfg = Debug|Any CPU
		{7FEB4114-43DE-4553-997A-96C8CC7EF09F}.Debug|Any CPU.Build.0 = Debug|Any CPU
		{7FEB4114-43DE-4553-997A-96C8CC7EF09F}.Debug|Any CPU.Deploy.0 = Debug|Any CPU
		{7FEB4114-43DE-4553-997A-96C8CC7EF09F}.Release|Any CPU.ActiveCfg = Release|Any CPU
		{7FEB4114-43DE-4553-997A-96C8CC7EF09F}.Release|Any CPU.Build.0 = Release|Any CPU
		{7FEB4114-43DE-4553-997A-96C8CC7EF09F}.Release|Any CPU.Deploy.0 = Release|Any CPU
		{438D188C-9351-4D79-B2C7-839521B22069}.Debug|Any CPU.ActiveCfg = Debug|Any CPU
		{438D188C-9351-4D79-B2C7-839521B22069}.Debug|Any CPU.Build.0 = Debug|Any CPU
		{438D188C-9351-4D79-B2C7-839521B22069}.Release|Any CPU.ActiveCfg = Release|Any CPU
		{438D188C-9351-4D79-B2C7-839521B22069}.Release|Any CPU.Build.0 = Release|Any CPU
		{BF19DCE7-1FBA-4181-9C11-0C76AD96EEB7}.Debug|Any CPU.ActiveCfg = Debug|Any CPU
		{BF19DCE7-1FBA-4181-9C11-0C76AD96EEB7}.Debug|Any CPU.Build.0 = Debug|Any CPU
		{BF19DCE7-1FBA-4181-9C11-0C76AD96EEB7}.Release|Any CPU.ActiveCfg = Release|Any CPU
		{BF19DCE7-1FBA-4181-9C11-0C76AD96EEB7}.Release|Any CPU.Build.0 = Release|Any CPU
	EndGlobalSection
	GlobalSection(SolutionProperties) = preSolution
		HideSolutionNode = FALSE
	EndGlobalSection
	GlobalSection(ExtensibilityGlobals) = postSolution
		SolutionGuid = {75125D4C-B288-4195-971C-A1F2C0324B59}
	EndGlobalSection
EndGlobal
